
Microsoft Visual Studio Solution File, Format Version 12.00
# Visual Studio Version 17
VisualStudioVersion = 17.14.36717.8
MinimumVisualStudioVersion = 10.0.40219.1
Project("{FAE04EC0-301F-11D3-BF4B-00C04F79EFBC}") = "Schoolify.Web", "Schoolify.Web\Schoolify.Web.csproj", "{C2B66B74-9D6B-409D-A9BC-1D4DEA2100FD}"
EndProject
Project("{FAE04EC0-301F-11D3-BF4B-00C04F79EFBC}") = "Schoolify.Business", "Schoolify.Business\Schoolify.Business.csproj", "{D03F4546-59A7-4F5E-B601-FA28313C7B36}"
EndProject
Project("{FAE04EC0-301F-11D3-BF4B-00C04F79EFBC}") = "Schoolify.DataAccess", "Schoolify.DataAccess\Schoolify.DataAccess.csproj", "{AB2CC9AB-C5AC-4B95-8907-E88480E805E9}"
EndProject
Project("{FAE04EC0-301F-11D3-BF4B-00C04F79EFBC}") = "Schoolify.Common", "Schoolify.Common\Schoolify.Common.csproj", "{23B6719A-ACB2-4FD9-B8E6-3EAFA3C4A74A}"
EndProject
Global
	GlobalSection(SolutionConfigurationPlatforms) = preSolution
		Debug|Any CPU = Debug|Any CPU
		Release|Any CPU = Release|Any CPU
	EndGlobalSection
	GlobalSection(ProjectConfigurationPlatforms) = postSolution
		{C2B66B74-9D6B-409D-A9BC-1D4DEA2100FD}.Debug|Any CPU.ActiveCfg = Debug|Any CPU
		{C2B66B74-9D6B-409D-A9BC-1D4DEA2100FD}.Debug|Any CPU.Build.0 = Debug|Any CPU
		{C2B66B74-9D6B-409D-A9BC-1D4DEA2100FD}.Release|Any CPU.ActiveCfg = Release|Any CPU
		{C2B66B74-9D6B-409D-A9BC-1D4DEA2100FD}.Release|Any CPU.Build.0 = Release|Any CPU
		{D03F4546-59A7-4F5E-B601-FA28313C7B36}.Debug|Any CPU.ActiveCfg = Debug|Any CPU
		{D03F4546-59A7-4F5E-B601-FA28313C7B36}.Debug|Any CPU.Build.0 = Debug|Any CPU
		{D03F4546-59A7-4F5E-B601-FA28313C7B36}.Release|Any CPU.ActiveCfg = Release|Any CPU
		{D03F4546-59A7-4F5E-B601-FA28313C7B36}.Release|Any CPU.Build.0 = Release|Any CPU
		{AB2CC9AB-C5AC-4B95-8907-E88480E805E9}.Debug|Any CPU.ActiveCfg = Debug|Any CPU
		{AB2CC9AB-C5AC-4B95-8907-E88480E805E9}.Debug|Any CPU.Build.0 = Debug|Any CPU
		{AB2CC9AB-C5AC-4B95-8907-E88480E805E9}.Release|Any CPU.ActiveCfg = Release|Any CPU
		{AB2CC9AB-C5AC-4B95-8907-E88480E805E9}.Release|Any CPU.Build.0 = Release|Any CPU
		{23B6719A-ACB2-4FD9-B8E6-3EAFA3C4A74A}.Debug|Any CPU.ActiveCfg = Debug|Any CPU
		{23B6719A-ACB2-4FD9-B8E6-3EAFA3C4A74A}.Debug|Any CPU.Build.0 = Debug|Any CPU
		{23B6719A-ACB2-4FD9-B8E6-3EAFA3C4A74A}.Release|Any CPU.ActiveCfg = Release|Any CPU
		{23B6719A-ACB2-4FD9-B8E6-3EAFA3C4A74A}.Release|Any CPU.Build.0 = Release|Any CPU
	EndGlobalSection
	GlobalSection(SolutionProperties) = preSolution
		HideSolutionNode = FALSE
	EndGlobalSection
	GlobalSection(ExtensibilityGlobals) = postSolution
		SolutionGuid = {FC6BEF4B-3AB8-4AED-873E-18DFDD21C440}
	EndGlobalSection
EndGlobal
